// !$*UTF8*$!
{
	archiveVersion = 1;
	classes = {
	};
	objectVersion = 50;
	objects = {

/* Begin PBXBuildFile section */
		2BF47EF5256C251900EC3145 /* AppDelegate.swift in Sources */ = {isa = PBXBuildFile; fileRef = 2BF47EF4256C251900EC3145 /* AppDelegate.swift */; };
		2BF47EF7256C251900EC3145 /* SceneDelegate.swift in Sources */ = {isa = PBXBuildFile; fileRef = 2BF47EF6256C251900EC3145 /* SceneDelegate.swift */; };
		2BF47EF9256C251900EC3145 /* ViewController.swift in Sources */ = {isa = PBXBuildFile; fileRef = 2BF47EF8256C251900EC3145 /* ViewController.swift */; };
		2BF47EFC256C251900EC3145 /* Main.storyboard in Resources */ = {isa = PBXBuildFile; fileRef = 2BF47EFA256C251900EC3145 /* Main.storyboard */; };
		2BF47EFE256C251B00EC3145 /* Assets.xcassets in Resources */ = {isa = PBXBuildFile; fileRef = 2BF47EFD256C251B00EC3145 /* Assets.xcassets */; };
		2BF47F01256C251B00EC3145 /* LaunchScreen.storyboard in Resources */ = {isa = PBXBuildFile; fileRef = 2BF47EFF256C251B00EC3145 /* LaunchScreen.storyboard */; };
		2BF47F0A256C27C400EC3145 /* File.swift in Sources */ = {isa = PBXBuildFile; fileRef = 2BF47F09256C27C400EC3145 /* File.swift */; };
/* End PBXBuildFile section */

/* Begin PBXFileReference section */
		2BF47EF1256C251900EC3145 /* selecionarImagem.app */ = {isa = PBXFileReference; explicitFileType = wrapper.application; includeInIndex = 0; path = selecionarImagem.app; sourceTree = BUILT_PRODUCTS_DIR; };
		2BF47EF4256C251900EC3145 /* AppDelegate.swift */ = {isa = PBXFileReference; lastKnownFileType = sourcecode.swift; path = AppDelegate.swift; sourceTree = "<group>"; };
		2BF47EF6256C251900EC3145 /* SceneDelegate.swift */ = {isa = PBXFileReference; lastKnownFileType = sourcecode.swift; path = SceneDelegate.swift; sourceTree = "<group>"; };
		2BF47EF8256C251900EC3145 /* ViewController.swift */ = {isa = PBXFileReference; lastKnownFileType = sourcecode.swift; path = ViewController.swift; sourceTree = "<group>"; };
		2BF47EFB256C251900EC3145 /* Base */ = {isa = PBXFileReference; lastKnownFileType = file.storyboard; name = Base; path = Base.lproj/Main.storyboard; sourceTree = "<group>"; };
		2BF47EFD256C251B00EC3145 /* Assets.xcassets */ = {isa = PBXFileReference; lastKnownFileType = folder.assetcatalog; path = Assets.xcassets; sourceTree = "<group>"; };
		2BF47F00256C251B00EC3145 /* Base */ = {isa = PBXFileReference; lastKnownFileType = file.storyboard; name = Base; path = Base.lproj/LaunchScreen.storyboard; sourceTree = "<group>"; };
		2BF47F02256C251B00EC3145 /* Info.plist */ = {isa = PBXFileReference; lastKnownFileType = text.plist.xml; path = Info.plist; sourceTree = "<group>"; };
		2BF47F09256C27C400EC3145 /* File.swift */ = {isa = PBXFileReference; lastKnownFileType = sourcecode.swift; path = File.swift; sourceTree = "<group>"; };
/* End PBXFileReference section */

/* Begin PBXFrameworksBuildPhase section */
		2BF47EEE256C251900EC3145 /* Frameworks */ = {
			isa = PBXFrameworksBuildPhase;
			buildActionMask = 2147483647;
			files = (
			);
			runOnlyForDeploymentPostprocessing = 0;
		};
/* End PBXFrameworksBuildPhase section */

/* Begin PBXGroup section */
		2BF47EE8256C251900EC3145 = {
			isa = PBXGroup;
			children = (
				2BF47EF3256C251900EC3145 /* selecionarImagem */,
				2BF47EF2256C251900EC3145 /* Products */,
			);
			sourceTree = "<group>";
		};
		2BF47EF2256C251900EC3145 /* Products */ = {
			isa = PBXGroup;
			children = (
				2BF47EF1256C251900EC3145 /* selecionarImagem.app */,
			);
			name = Products;
			sourceTree = "<group>";
		};
		2BF47EF3256C251900EC3145 /* selecionarImagem */ = {
			isa = PBXGroup;
			children = (
				2BF47EF4256C251900EC3145 /* AppDelegate.swift */,
				2BF47EF6256C251900EC3145 /* SceneDelegate.swift */,
				2BF47EF8256C251900EC3145 /* ViewController.swift */,
				2BF47EFA256C251900EC3145 /* Main.storyboard */,
				2BF47F09256C27C400EC3145 /* File.swift */,
				2BF47EFD256C251B00EC3145 /* Assets.xcassets */,
				2BF47EFF256C251B00EC3145 /* LaunchScreen.storyboard */,
				2BF47F02256C251B00EC3145 /* Info.plist */,
			);
			path = selecionarImagem;
			sourceTree = "<group>";
		};
/* End PBXGroup section */

/* Begin PBXNativeTarget section */
		2BF47EF0256C251900EC3145 /* selecionarImagem */ = {
			isa = PBXNativeTarget;
			buildConfigurationList = 2BF47F05256C251B00EC3145 /* Build configuration list for PBXNativeTarget "selecionarImagem" */;
			buildPhases = (
				2BF47EED256C251900EC3145 /* Sources */,
				2BF47EEE256C251900EC3145 /* Frameworks */,
				2BF47EEF256C251900EC3145 /* Resources */,
			);
			buildRules = (
			);
			dependencies = (
			);
			name = selecionarImagem;
			productName = selecionarImagem;
			productReference = 2BF47EF1256C251900EC3145 /* selecionarImagem.app */;
			productType = "com.apple.product-type.application";
		};
/* End PBXNativeTarget section */

/* Begin PBXProject section */
		2BF47EE9256C251900EC3145 /* Project object */ = {
			isa = PBXProject;
			attributes = {
				LastSwiftUpdateCheck = 1210;
				LastUpgradeCheck = 1210;
				TargetAttributes = {
					2BF47EF0256C251900EC3145 = {
						CreatedOnToolsVersion = 12.1;
					};
				};
			};
			buildConfigurationList = 2BF47EEC256C251900EC3145 /* Build configuration list for PBXProject "selecionarImagem" */;
			compatibilityVersion = "Xcode 9.3";
			developmentRegion = en;
			hasScannedForEncodings = 0;
			knownRegions = (
				en,
				Base,
			);
			mainGroup = 2BF47EE8256C251900EC3145;
			productRefGroup = 2BF47EF2256C251900EC3145 /* Products */;
			projectDirPath = "";
			projectRoot = "";
			targets = (
				2BF47EF0256C251900EC3145 /* selecionarImagem */,
			);
		};
/* End PBXProject section */

/* Begin PBXResourcesBuildPhase section */
		2BF47EEF256C251900EC3145 /* Resources */ = {
			isa = PBXResourcesBuildPhase;
			buildActionMask = 2147483647;
			files = (
				2BF47F01256C251B00EC3145 /* LaunchScreen.storyboard in Resources */,
				2BF47EFE256C251B00EC3145 /* Assets.xcassets in Resources */,
				2BF47EFC256C251900EC3145 /* Main.storyboard in Resources */,
			);
			runOnlyForDeploymentPostprocessing = 0;
		};
/* End PBXResourcesBuildPhase section */

/* Begin PBXSourcesBuildPhase section */
		2BF47EED256C251900EC3145 /* Sources */ = {
			isa = PBXSourcesBuildPhase;
			buildActionMask = 2147483647;
			files = (
				2BF47EF9256C251900EC3145 /* ViewController.swift in Sources */,
				2BF47F0A256C27C400EC3145 /* File.swift in Sources */,
				2BF47EF5256C251900EC3145 /* AppDelegate.swift in Sources */,
				2BF47EF7256C251900EC3145 /* SceneDelegate.swift in Sources */,
			);
			runOnlyForDeploymentPostprocessing = 0;
		};
/* End PBXSourcesBuildPhase section */

/* Begin PBXVariantGroup section */
		2BF47EFA256C251900EC3145 /* Main.storyboard */ = {
			isa = PBXVariantGroup;
			children = (
				2BF47EFB256C251900EC3145 /* Base */,
			);
			name = Main.storyboard;
			sourceTree = "<group>";
		};
		2BF47EFF256C251B00EC3145 /* LaunchScreen.storyboard */ = {
			isa = PBXVariantGroup;
			children = (
				2BF47F00256C251B00EC3145 /* Base */,
			);
			name = LaunchScreen.storyboard;
			sourceTree = "<group>";
		};
/* End PBXVariantGroup section */

/* Begin XCBuildConfiguration section */
		2BF47F03256C251B00EC3145 /* Debug */ = {
			isa = XCBuildConfiguration;
			buildSettings = {
				ALWAYS_SEARCH_USER_PATHS = NO;
				CLANG_ANALYZER_NONNULL = YES;
				CLANG_ANALYZER_NUMBER_OBJECT_CONVERSION = YES_AGGRESSIVE;
				CLANG_CXX_LANGUAGE_STANDARD = "gnu++14";
				CLANG_CXX_LIBRARY = "libc++";
				CLANG_ENABLE_MODULES = YES;
				CLANG_ENABLE_OBJC_ARC = YES;
				CLANG_ENABLE_OBJC_WEAK = YES;
				CLANG_WARN_BLOCK_CAPTURE_AUTORELEASING = YES;
				CLANG_WARN_BOOL_CONVERSION = YES;
				CLANG_WARN_COMMA = YES;
				CLANG_WARN_CONSTANT_CONVERSION = YES;
				CLANG_WARN_DEPRECATED_OBJC_IMPLEMENTATIONS = YES;
				CLANG_WARN_DIRECT_OBJC_ISA_USAGE = YES_ERROR;
				CLANG_WARN_DOCUMENTATION_COMMENTS = YES;
				CLANG_WARN_EMPTY_BODY = YES;
				CLANG_WARN_ENUM_CONVERSION = YES;
				CLANG_WARN_INFINITE_RECURSION = YES;
				CLANG_WARN_INT_CONVERSION = YES;
				CLANG_WARN_NON_LITERAL_NULL_CONVERSION = YES;
				CLANG_WARN_OBJC_IMPLICIT_RETAIN_SELF = YES;
				CLANG_WARN_OBJC_LITERAL_CONVERSION = YES;
				CLANG_WARN_OBJC_ROOT_CLASS = YES_ERROR;
				CLANG_WARN_QUOTED_INCLUDE_IN_FRAMEWORK_HEADER = YES;
				CLANG_WARN_RANGE_LOOP_ANALYSIS = YES;
				CLANG_WARN_STRICT_PROTOTYPES = YES;
				CLANG_WARN_SUSPICIOUS_MOVE = YES;
				CLANG_WARN_UNGUARDED_AVAILABILITY = YES_AGGRESSIVE;
				CLANG_WARN_UNREACHABLE_CODE = YES;
				CLANG_WARN__DUPLICATE_METHOD_MATCH = YES;
				COPY_PHASE_STRIP = NO;
				DEBUG_INFORMATION_FORMAT = dwarf;
				ENABLE_STRICT_OBJC_MSGSEND = YES;
				ENABLE_TESTABILITY = YES;
				GCC_C_LANGUAGE_STANDARD = gnu11;
				GCC_DYNAMIC_NO_PIC = NO;
				GCC_NO_COMMON_BLOCKS = YES;
				GCC_OPTIMIZATION_LEVEL = 0;
				GCC_PREPROCESSOR_DEFINITIONS = (
					"DEBUG=1",
					"$(inherited)",
				);
				GCC_WARN_64_TO_32_BIT_CONVERSION = YES;
				GCC_WARN_ABOUT_RETURN_TYPE = YES_ERROR;
				GCC_WARN_UNDECLARED_SELECTOR = YES;
				GCC_WARN_UNINITIALIZED_AUTOS = YES_AGGRESSIVE;
				GCC_WARN_UNUSED_FUNCTION = YES;
				GCC_WARN_UNUSED_VARIABLE = YES;
				IPHONEOS_DEPLOYMENT_TARGET = 14.1;
				MTL_ENABLE_DEBUG_INFO = INCLUDE_SOURCE;
				MTL_FAST_MATH = YES;
				ONLY_ACTIVE_ARCH = YES;
				SDKROOT = iphoneos;
				SWIFT_ACTIVE_COMPILATION_CONDITIONS = DEBUG;
				SWIFT_OPTIMIZATION_LEVEL = "-Onone";
			};
			name = Debug;
		};
		2BF47F04256C251B00EC3145 /* Release */ = {
			isa = XCBuildConfiguration;
			buildSettings = {
				ALWAYS_SEARCH_USER_PATHS = NO;
				CLANG_ANALYZER_NONNULL = YES;
				CLANG_ANALYZER_NUMBER_OBJECT_CONVERSION = YES_AGGRESSIVE;
				CLANG_CXX_LANGUAGE_STANDARD = "gnu++14";
				CLANG_CXX_LIBRARY = "libc++";
				CLANG_ENABLE_MODULES = YES;
				CLANG_ENABLE_OBJC_ARC = YES;
				CLANG_ENABLE_OBJC_WEAK = YES;
				CLANG_WARN_BLOCK_CAPTURE_AUTORELEASING = YES;
				CLANG_WARN_BOOL_CONVERSION = YES;
				CLANG_WARN_COMMA = YES;
				CLANG_WARN_CONSTANT_CONVERSION = YES;
				CLANG_WARN_DEPRECATED_OBJC_IMPLEMENTATIONS = YES;
				CLANG_WARN_DIRECT_OBJC_ISA_USAGE = YES_ERROR;
				CLANG_WARN_DOCUMENTATION_COMMENTS = YES;
				CLANG_WARN_EMPTY_BODY = YES;
				CLANG_WARN_ENUM_CONVERSION = YES;
				CLANG_WARN_INFINITE_RECURSION = YES;
				CLANG_WARN_INT_CONVERSION = YES;
				CLANG_WARN_NON_LITERAL_NULL_CONVERSION = YES;
				CLANG_WARN_OBJC_IMPLICIT_RETAIN_SELF = YES;
				CLANG_WARN_OBJC_LITERAL_CONVERSION = YES;
				CLANG_WARN_OBJC_ROOT_CLASS = YES_ERROR;
				CLANG_WARN_QUOTED_INCLUDE_IN_FRAMEWORK_HEADER = YES;
				CLANG_WARN_RANGE_LOOP_ANALYSIS = YES;
				CLANG_WARN_STRICT_PROTOTYPES = YES;
				CLANG_WARN_SUSPICIOUS_MOVE = YES;
				CLANG_WARN_UNGUARDED_AVAILABILITY = YES_AGGRESSIVE;
				CLANG_WARN_UNREACHABLE_CODE = YES;
				CLANG_WARN__DUPLICATE_METHOD_MATCH = YES;
				COPY_PHASE_STRIP = NO;
				DEBUG_INFORMATION_FORMAT = "dwarf-with-dsym";
				ENABLE_NS_ASSERTIONS = NO;
				ENABLE_STRICT_OBJC_MSGSEND = YES;
				GCC_C_LANGUAGE_STANDARD = gnu11;
				GCC_NO_COMMON_BLOCKS = YES;
				GCC_WARN_64_TO_32_BIT_CONVERSION = YES;
				GCC_WARN_ABOUT_RETURN_TYPE = YES_ERROR;
				GCC_WARN_UNDECLARED_SELECTOR = YES;
				GCC_WARN_UNINITIALIZED_AUTOS = YES_AGGRESSIVE;
				GCC_WARN_UNUSED_FUNCTION = YES;
				GCC_WARN_UNUSED_VARIABLE = YES;
				IPHONEOS_DEPLOYMENT_TARGET = 14.1;
				MTL_ENABLE_DEBUG_INFO = NO;
				MTL_FAST_MATH = YES;
				SDKROOT = iphoneos;
				SWIFT_COMPILATION_MODE = wholemodule;
				SWIFT_OPTIMIZATION_LEVEL = "-O";
				VALIDATE_PRODUCT = YES;
			};
			name = Release;
		};
		2BF47F06256C251B00EC3145 /* Debug */ = {
			isa = XCBuildConfiguration;
			buildSettings = {
				ASSETCATALOG_COMPILER_APPICON_NAME = AppIcon;
				ASSETCATALOG_COMPILER_GLOBAL_ACCENT_COLOR_NAME = AccentColor;
				CODE_SIGN_STYLE = Automatic;
				INFOPLIST_FILE = selecionarImagem/Info.plist;
				LD_RUNPATH_SEARCH_PATHS = (
					"$(inherited)",
					"@executable_path/Frameworks",
				);
				PRODUCT_BUNDLE_IDENTIFIER = br.unicamp.chris.selecionarImagem;
				PRODUCT_NAME = "$(TARGET_NAME)";
				SWIFT_VERSION = 5.0;
				TARGETED_DEVICE_FAMILY = "1,2";
			};
			name = Debug;
		};
		2BF47F07256C251B00EC3145 /* Release */ = {
			isa = XCBuildConfiguration;
			buildSettings = {
				ASSETCATALOG_COMPILER_APPICON_NAME = AppIcon;
				ASSETCATALOG_COMPILER_GLOBAL_ACCENT_COLOR_NAME = AccentColor;
				CODE_SIGN_STYLE = Automatic;
				INFOPLIST_FILE = selecionarImagem/Info.plist;
				LD_RUNPATH_SEARCH_PATHS = (
					"$(inherited)",
					"@executable_path/Frameworks",
				);
				PRODUCT_BUNDLE_IDENTIFIER = br.unicamp.chris.selecionarImagem;
				PRODUCT_NAME = "$(TARGET_NAME)";
				SWIFT_VERSION = 5.0;
				TARGETED_DEVICE_FAMILY = "1,2";
			};
			name = Release;
		};
/* End XCBuildConfiguration section */

/* Begin XCConfigurationList section */
		2BF47EEC256C251900EC3145 /* Build configuration list for PBXProject "selecionarImagem" */ = {
			isa = XCConfigurationList;
			buildConfigurations = (
				2BF47F03256C251B00EC3145 /* Debug */,
				2BF47F04256C251B00EC3145 /* Release */,
			);
			defaultConfigurationIsVisible = 0;
			defaultConfigurationName = Release;
		};
		2BF47F05256C251B00EC3145 /* Build configuration list for PBXNativeTarget "selecionarImagem" */ = {
			isa = XCConfigurationList;
			buildConfigurations = (
				2BF47F06256C251B00EC3145 /* Debug */,
				2BF47F07256C251B00EC3145 /* Release */,
			);
			defaultConfigurationIsVisible = 0;
			defaultConfigurationName = Release;
		};
/* End XCConfigurationList section */
	};
	rootObject = 2BF47EE9256C251900EC3145 /* Project object */;
}
